// !$*UTF8*$!
{
	archiveVersion = 1;
	classes = {
	};
	objectVersion = 46;
	objects = {

/* Begin PBXBuildFile section */
		3BC0A9E77AC77D31D11148B0 /* libPods.a in Frameworks */ = {isa = PBXBuildFile; fileRef = A34F67C24A5A07CEA4B68941 /* libPods.a */; };
		9E4E77291A7C55EB00AE9130 /* storeDetailViewController.m in Sources */ = {isa = PBXBuildFile; fileRef = 9E4E77281A7C55EB00AE9130 /* storeDetailViewController.m */; };
		9E4E77381A7C66A900AE9130 /* LOUIKit.m in Sources */ = {isa = PBXBuildFile; fileRef = 9E4E772D1A7C66A900AE9130 /* LOUIKit.m */; };
		9E4E77391A7C66A900AE9130 /* LOView.m in Sources */ = {isa = PBXBuildFile; fileRef = 9E4E772F1A7C66A900AE9130 /* LOView.m */; };
		9E4E773A1A7C66A900AE9130 /* LOButton.m in Sources */ = {isa = PBXBuildFile; fileRef = 9E4E77311A7C66A900AE9130 /* LOButton.m */; };
		9E4E773B1A7C66A900AE9130 /* LOTextfield.m in Sources */ = {isa = PBXBuildFile; fileRef = 9E4E77331A7C66A900AE9130 /* LOTextfield.m */; };
		9E4E773C1A7C66A900AE9130 /* LOImageView.m in Sources */ = {isa = PBXBuildFile; fileRef = 9E4E77351A7C66A900AE9130 /* LOImageView.m */; };
		9E4E773D1A7C66A900AE9130 /* LOLabel.m in Sources */ = {isa = PBXBuildFile; fileRef = 9E4E77371A7C66A900AE9130 /* LOLabel.m */; };
		9E4E77401A7C79E000AE9130 /* landingViewController.m in Sources */ = {isa = PBXBuildFile; fileRef = 9E4E773F1A7C79E000AE9130 /* landingViewController.m */; };
		9E4E77431A7CB50A00AE9130 /* navViewController.m in Sources */ = {isa = PBXBuildFile; fileRef = 9E4E77421A7CB50A00AE9130 /* navViewController.m */; };
		9E4E77461A7CC2A200AE9130 /* datePickerViewController.m in Sources */ = {isa = PBXBuildFile; fileRef = 9E4E77451A7CC2A200AE9130 /* datePickerViewController.m */; };
		9EFBD30E1A7BD85D00CF8D68 /* main.m in Sources */ = {isa = PBXBuildFile; fileRef = 9EFBD30D1A7BD85D00CF8D68 /* main.m */; };
		9EFBD3111A7BD85D00CF8D68 /* AppDelegate.m in Sources */ = {isa = PBXBuildFile; fileRef = 9EFBD3101A7BD85D00CF8D68 /* AppDelegate.m */; };
		9EFBD3141A7BD85D00CF8D68 /* ViewController.m in Sources */ = {isa = PBXBuildFile; fileRef = 9EFBD3131A7BD85D00CF8D68 /* ViewController.m */; };
		9EFBD3171A7BD85D00CF8D68 /* Main.storyboard in Resources */ = {isa = PBXBuildFile; fileRef = 9EFBD3151A7BD85D00CF8D68 /* Main.storyboard */; };
		9EFBD3191A7BD85D00CF8D68 /* Images.xcassets in Resources */ = {isa = PBXBuildFile; fileRef = 9EFBD3181A7BD85D00CF8D68 /* Images.xcassets */; };
		9EFBD31C1A7BD85D00CF8D68 /* LaunchScreen.xib in Resources */ = {isa = PBXBuildFile; fileRef = 9EFBD31A1A7BD85D00CF8D68 /* LaunchScreen.xib */; };
		9EFBD3281A7BD85D00CF8D68 /* iOrderTests.m in Sources */ = {isa = PBXBuildFile; fileRef = 9EFBD3271A7BD85D00CF8D68 /* iOrderTests.m */; };
		9EFBD3331A7BEEEB00CF8D68 /* networkHelper.m in Sources */ = {isa = PBXBuildFile; fileRef = 9EFBD3321A7BEEEB00CF8D68 /* networkHelper.m */; };
		9EFBD3361A7BEEFA00CF8D68 /* Reachability.m in Sources */ = {isa = PBXBuildFile; fileRef = 9EFBD3351A7BEEFA00CF8D68 /* Reachability.m */; };
		9EFBD33F1A7C0F8500CF8D68 /* MapKit.framework in Frameworks */ = {isa = PBXBuildFile; fileRef = 9EFBD33E1A7C0F8500CF8D68 /* MapKit.framework */; };
		9EFBD3421A7C100600CF8D68 /* MyAnnotation.m in Sources */ = {isa = PBXBuildFile; fileRef = 9EFBD3411A7C100600CF8D68 /* MyAnnotation.m */; };
		9EFBD3471A7C297000CF8D68 /* CoreLocation.framework in Frameworks */ = {isa = PBXBuildFile; fileRef = 9EFBD3461A7C297000CF8D68 /* CoreLocation.framework */; };
/* End PBXBuildFile section */

/* Begin PBXContainerItemProxy section */
		9EFBD3221A7BD85D00CF8D68 /* PBXContainerItemProxy */ = {
			isa = PBXContainerItemProxy;
			containerPortal = 9EFBD3001A7BD85D00CF8D68 /* Project object */;
			proxyType = 1;
			remoteGlobalIDString = 9EFBD3071A7BD85D00CF8D68;
			remoteInfo = iOrder;
		};
/* End PBXContainerItemProxy section */

/* Begin PBXFileReference section */
		49AD41BCFDA29B6883A95020 /* Pods.debug.xcconfig */ = {isa = PBXFileReference; includeInIndex = 1; lastKnownFileType = text.xcconfig; name = Pods.debug.xcconfig; path = "Pods/Target Support Files/Pods/Pods.debug.xcconfig"; sourceTree = "<group>"; };
		9E4E77271A7C55EB00AE9130 /* storeDetailViewController.h */ = {isa = PBXFileReference; fileEncoding = 4; lastKnownFileType = sourcecode.c.h; path = storeDetailViewController.h; sourceTree = "<group>"; };
		9E4E77281A7C55EB00AE9130 /* storeDetailViewController.m */ = {isa = PBXFileReference; fileEncoding = 4; lastKnownFileType = sourcecode.c.objc; path = storeDetailViewController.m; sourceTree = "<group>"; };
		9E4E772C1A7C66A900AE9130 /* LOUIKit.h */ = {isa = PBXFileReference; fileEncoding = 4; lastKnownFileType = sourcecode.c.h; path = LOUIKit.h; sourceTree = "<group>"; };
		9E4E772D1A7C66A900AE9130 /* LOUIKit.m */ = {isa = PBXFileReference; fileEncoding = 4; lastKnownFileType = sourcecode.c.objc; path = LOUIKit.m; sourceTree = "<group>"; };
		9E4E772E1A7C66A900AE9130 /* LOView.h */ = {isa = PBXFileReference; fileEncoding = 4; lastKnownFileType = sourcecode.c.h; path = LOView.h; sourceTree = "<group>"; };
		9E4E772F1A7C66A900AE9130 /* LOView.m */ = {isa = PBXFileReference; fileEncoding = 4; lastKnownFileType = sourcecode.c.objc; path = LOView.m; sourceTree = "<group>"; };
		9E4E77301A7C66A900AE9130 /* LOButton.h */ = {isa = PBXFileReference; fileEncoding = 4; lastKnownFileType = sourcecode.c.h; path = LOButton.h; sourceTree = "<group>"; };
		9E4E77311A7C66A900AE9130 /* LOButton.m */ = {isa = PBXFileReference; fileEncoding = 4; lastKnownFileType = sourcecode.c.objc; path = LOButton.m; sourceTree = "<group>"; };
		9E4E77321A7C66A900AE9130 /* LOTextfield.h */ = {isa = PBXFileReference; fileEncoding = 4; lastKnownFileType = sourcecode.c.h; path = LOTextfield.h; sourceTree = "<group>"; };
		9E4E77331A7C66A900AE9130 /* LOTextfield.m */ = {isa = PBXFileReference; fileEncoding = 4; lastKnownFileType = sourcecode.c.objc; path = LOTextfield.m; sourceTree = "<group>"; };
		9E4E77341A7C66A900AE9130 /* LOImageView.h */ = {isa = PBXFileReference; fileEncoding = 4; lastKnownFileType = sourcecode.c.h; path = LOImageView.h; sourceTree = "<group>"; };
		9E4E77351A7C66A900AE9130 /* LOImageView.m */ = {isa = PBXFileReference; fileEncoding = 4; lastKnownFileType = sourcecode.c.objc; path = LOImageView.m; sourceTree = "<group>"; };
		9E4E77361A7C66A900AE9130 /* LOLabel.h */ = {isa = PBXFileReference; fileEncoding = 4; lastKnownFileType = sourcecode.c.h; path = LOLabel.h; sourceTree = "<group>"; };
		9E4E77371A7C66A900AE9130 /* LOLabel.m */ = {isa = PBXFileReference; fileEncoding = 4; lastKnownFileType = sourcecode.c.objc; path = LOLabel.m; sourceTree = "<group>"; };
		9E4E773E1A7C79E000AE9130 /* landingViewController.h */ = {isa = PBXFileReference; fileEncoding = 4; lastKnownFileType = sourcecode.c.h; path = landingViewController.h; sourceTree = "<group>"; };
		9E4E773F1A7C79E000AE9130 /* landingViewController.m */ = {isa = PBXFileReference; fileEncoding = 4; lastKnownFileType = sourcecode.c.objc; path = landingViewController.m; sourceTree = "<group>"; };
		9E4E77411A7CB50A00AE9130 /* navViewController.h */ = {isa = PBXFileReference; fileEncoding = 4; lastKnownFileType = sourcecode.c.h; path = navViewController.h; sourceTree = "<group>"; };
		9E4E77421A7CB50A00AE9130 /* navViewController.m */ = {isa = PBXFileReference; fileEncoding = 4; lastKnownFileType = sourcecode.c.objc; path = navViewController.m; sourceTree = "<group>"; };
		9E4E77441A7CC2A200AE9130 /* datePickerViewController.h */ = {isa = PBXFileReference; fileEncoding = 4; lastKnownFileType = sourcecode.c.h; path = datePickerViewController.h; sourceTree = "<group>"; };
		9E4E77451A7CC2A200AE9130 /* datePickerViewController.m */ = {isa = PBXFileReference; fileEncoding = 4; lastKnownFileType = sourcecode.c.objc; path = datePickerViewController.m; sourceTree = "<group>"; };
		9EFBD3081A7BD85D00CF8D68 /* iOrder.app */ = {isa = PBXFileReference; explicitFileType = wrapper.application; includeInIndex = 0; path = iOrder.app; sourceTree = BUILT_PRODUCTS_DIR; };
		9EFBD30C1A7BD85D00CF8D68 /* Info.plist */ = {isa = PBXFileReference; lastKnownFileType = text.plist.xml; path = Info.plist; sourceTree = "<group>"; };
		9EFBD30D1A7BD85D00CF8D68 /* main.m */ = {isa = PBXFileReference; lastKnownFileType = sourcecode.c.objc; path = main.m; sourceTree = "<group>"; };
		9EFBD30F1A7BD85D00CF8D68 /* AppDelegate.h */ = {isa = PBXFileReference; lastKnownFileType = sourcecode.c.h; path = AppDelegate.h; sourceTree = "<group>"; };
		9EFBD3101A7BD85D00CF8D68 /* AppDelegate.m */ = {isa = PBXFileReference; lastKnownFileType = sourcecode.c.objc; path = AppDelegate.m; sourceTree = "<group>"; };
		9EFBD3121A7BD85D00CF8D68 /* ViewController.h */ = {isa = PBXFileReference; lastKnownFileType = sourcecode.c.h; path = ViewController.h; sourceTree = "<group>"; };
		9EFBD3131A7BD85D00CF8D68 /* ViewController.m */ = {isa = PBXFileReference; lastKnownFileType = sourcecode.c.objc; path = ViewController.m; sourceTree = "<group>"; };
		9EFBD3161A7BD85D00CF8D68 /* Base */ = {isa = PBXFileReference; lastKnownFileType = file.storyboard; name = Base; path = Base.lproj/Main.storyboard; sourceTree = "<group>"; };
		9EFBD3181A7BD85D00CF8D68 /* Images.xcassets */ = {isa = PBXFileReference; lastKnownFileType = folder.assetcatalog; path = Images.xcassets; sourceTree = "<group>"; };
		9EFBD31B1A7BD85D00CF8D68 /* Base */ = {isa = PBXFileReference; lastKnownFileType = file.xib; name = Base; path = Base.lproj/LaunchScreen.xib; sourceTree = "<group>"; };
		9EFBD3211A7BD85D00CF8D68 /* iOrderTests.xctest */ = {isa = PBXFileReference; explicitFileType = wrapper.cfbundle; includeInIndex = 0; path = iOrderTests.xctest; sourceTree = BUILT_PRODUCTS_DIR; };
		9EFBD3261A7BD85D00CF8D68 /* Info.plist */ = {isa = PBXFileReference; lastKnownFileType = text.plist.xml; path = Info.plist; sourceTree = "<group>"; };
		9EFBD3271A7BD85D00CF8D68 /* iOrderTests.m */ = {isa = PBXFileReference; lastKnownFileType = sourcecode.c.objc; path = iOrderTests.m; sourceTree = "<group>"; };
		9EFBD3311A7BEEEB00CF8D68 /* networkHelper.h */ = {isa = PBXFileReference; fileEncoding = 4; lastKnownFileType = sourcecode.c.h; path = networkHelper.h; sourceTree = "<group>"; };
		9EFBD3321A7BEEEB00CF8D68 /* networkHelper.m */ = {isa = PBXFileReference; fileEncoding = 4; lastKnownFileType = sourcecode.c.objc; path = networkHelper.m; sourceTree = "<group>"; };
		9EFBD3341A7BEEFA00CF8D68 /* Reachability.h */ = {isa = PBXFileReference; fileEncoding = 4; lastKnownFileType = sourcecode.c.h; path = Reachability.h; sourceTree = "<group>"; };
		9EFBD3351A7BEEFA00CF8D68 /* Reachability.m */ = {isa = PBXFileReference; fileEncoding = 4; lastKnownFileType = sourcecode.c.objc; path = Reachability.m; sourceTree = "<group>"; };
		9EFBD33A1A7BF20D00CF8D68 /* PrefixHeader.pch */ = {isa = PBXFileReference; lastKnownFileType = sourcecode.c.h; path = PrefixHeader.pch; sourceTree = SOURCE_ROOT; };
		9EFBD33E1A7C0F8500CF8D68 /* MapKit.framework */ = {isa = PBXFileReference; lastKnownFileType = wrapper.framework; name = MapKit.framework; path = System/Library/Frameworks/MapKit.framework; sourceTree = SDKROOT; };
		9EFBD3401A7C100600CF8D68 /* MyAnnotation.h */ = {isa = PBXFileReference; fileEncoding = 4; lastKnownFileType = sourcecode.c.h; path = MyAnnotation.h; sourceTree = "<group>"; };
		9EFBD3411A7C100600CF8D68 /* MyAnnotation.m */ = {isa = PBXFileReference; fileEncoding = 4; lastKnownFileType = sourcecode.c.objc; path = MyAnnotation.m; sourceTree = "<group>"; };
		9EFBD3461A7C297000CF8D68 /* CoreLocation.framework */ = {isa = PBXFileReference; lastKnownFileType = wrapper.framework; name = CoreLocation.framework; path = System/Library/Frameworks/CoreLocation.framework; sourceTree = SDKROOT; };
		A34F67C24A5A07CEA4B68941 /* libPods.a */ = {isa = PBXFileReference; explicitFileType = archive.ar; includeInIndex = 0; path = libPods.a; sourceTree = BUILT_PRODUCTS_DIR; };
		C78D9243DF89205C7198737E /* Pods.release.xcconfig */ = {isa = PBXFileReference; includeInIndex = 1; lastKnownFileType = text.xcconfig; name = Pods.release.xcconfig; path = "Pods/Target Support Files/Pods/Pods.release.xcconfig"; sourceTree = "<group>"; };
/* End PBXFileReference section */

/* Begin PBXFrameworksBuildPhase section */
		9EFBD3051A7BD85D00CF8D68 /* Frameworks */ = {
			isa = PBXFrameworksBuildPhase;
			buildActionMask = 2147483647;
			files = (
				9EFBD3471A7C297000CF8D68 /* CoreLocation.framework in Frameworks */,
				9EFBD33F1A7C0F8500CF8D68 /* MapKit.framework in Frameworks */,
				3BC0A9E77AC77D31D11148B0 /* libPods.a in Frameworks */,
			);
			runOnlyForDeploymentPostprocessing = 0;
		};
		9EFBD31E1A7BD85D00CF8D68 /* Frameworks */ = {
			isa = PBXFrameworksBuildPhase;
			buildActionMask = 2147483647;
			files = (
			);
			runOnlyForDeploymentPostprocessing = 0;
		};
/* End PBXFrameworksBuildPhase section */

/* Begin PBXGroup section */
		168F4BFB101F84A7A02B1F16 /* Pods */ = {
			isa = PBXGroup;
			children = (
				49AD41BCFDA29B6883A95020 /* Pods.debug.xcconfig */,
				C78D9243DF89205C7198737E /* Pods.release.xcconfig */,
			);
			name = Pods;
			sourceTree = "<group>";
		};
		503FD4F95A77E11D377D4F07 /* Frameworks */ = {
			isa = PBXGroup;
			children = (
				9EFBD3461A7C297000CF8D68 /* CoreLocation.framework */,
				9EFBD33E1A7C0F8500CF8D68 /* MapKit.framework */,
				A34F67C24A5A07CEA4B68941 /* libPods.a */,
			);
			name = Frameworks;
			sourceTree = "<group>";
		};
		9E4E772B1A7C669300AE9130 /* LoKit */ = {
			isa = PBXGroup;
			children = (
				9E4E772C1A7C66A900AE9130 /* LOUIKit.h */,
				9E4E772D1A7C66A900AE9130 /* LOUIKit.m */,
				9E4E772E1A7C66A900AE9130 /* LOView.h */,
				9E4E772F1A7C66A900AE9130 /* LOView.m */,
				9E4E77301A7C66A900AE9130 /* LOButton.h */,
				9E4E77311A7C66A900AE9130 /* LOButton.m */,
				9E4E77321A7C66A900AE9130 /* LOTextfield.h */,
				9E4E77331A7C66A900AE9130 /* LOTextfield.m */,
				9E4E77341A7C66A900AE9130 /* LOImageView.h */,
				9E4E77351A7C66A900AE9130 /* LOImageView.m */,
				9E4E77361A7C66A900AE9130 /* LOLabel.h */,
				9E4E77371A7C66A900AE9130 /* LOLabel.m */,
			);
			name = LoKit;
			sourceTree = "<group>";
		};
		9EFBD2FF1A7BD85D00CF8D68 = {
			isa = PBXGroup;
			children = (
				9EFBD30A1A7BD85D00CF8D68 /* iOrder */,
				9EFBD3241A7BD85D00CF8D68 /* iOrderTests */,
				9EFBD3091A7BD85D00CF8D68 /* Products */,
				168F4BFB101F84A7A02B1F16 /* Pods */,
				503FD4F95A77E11D377D4F07 /* Frameworks */,
			);
			sourceTree = "<group>";
		};
		9EFBD3091A7BD85D00CF8D68 /* Products */ = {
			isa = PBXGroup;
			children = (
				9EFBD3081A7BD85D00CF8D68 /* iOrder.app */,
				9EFBD3211A7BD85D00CF8D68 /* iOrderTests.xctest */,
			);
			name = Products;
			sourceTree = "<group>";
		};
		9EFBD30A1A7BD85D00CF8D68 /* iOrder */ = {
			isa = PBXGroup;
			children = (
				9EFBD3371A7BEF1A00CF8D68 /* model */,
				9EFBD3381A7BEF2300CF8D68 /* controller */,
				9EFBD3391A7BEF3800CF8D68 /* view */,
				9EFBD3151A7BD85D00CF8D68 /* Main.storyboard */,
				9EFBD3181A7BD85D00CF8D68 /* Images.xcassets */,
				9EFBD31A1A7BD85D00CF8D68 /* LaunchScreen.xib */,
				9EFBD30B1A7BD85D00CF8D68 /* Supporting Files */,
			);
			path = iOrder;
			sourceTree = "<group>";
		};
		9EFBD30B1A7BD85D00CF8D68 /* Supporting Files */ = {
			isa = PBXGroup;
			children = (
				9EFBD30C1A7BD85D00CF8D68 /* Info.plist */,
				9EFBD30D1A7BD85D00CF8D68 /* main.m */,
				9EFBD33A1A7BF20D00CF8D68 /* PrefixHeader.pch */,
			);
			name = "Supporting Files";
			sourceTree = "<group>";
		};
		9EFBD3241A7BD85D00CF8D68 /* iOrderTests */ = {
			isa = PBXGroup;
			children = (
				9EFBD3271A7BD85D00CF8D68 /* iOrderTests.m */,
				9EFBD3251A7BD85D00CF8D68 /* Supporting Files */,
			);
			path = iOrderTests;
			sourceTree = "<group>";
		};
		9EFBD3251A7BD85D00CF8D68 /* Supporting Files */ = {
			isa = PBXGroup;
			children = (
				9EFBD3261A7BD85D00CF8D68 /* Info.plist */,
			);
			name = "Supporting Files";
			sourceTree = "<group>";
		};
		9EFBD3371A7BEF1A00CF8D68 /* model */ = {
			isa = PBXGroup;
			children = (
				9EFBD30F1A7BD85D00CF8D68 /* AppDelegate.h */,
				9EFBD3101A7BD85D00CF8D68 /* AppDelegate.m */,
				9EFBD3311A7BEEEB00CF8D68 /* networkHelper.h */,
				9EFBD3321A7BEEEB00CF8D68 /* networkHelper.m */,
				9EFBD3341A7BEEFA00CF8D68 /* Reachability.h */,
				9EFBD3351A7BEEFA00CF8D68 /* Reachability.m */,
			);
			name = model;
			sourceTree = "<group>";
		};
		9EFBD3381A7BEF2300CF8D68 /* controller */ = {
			isa = PBXGroup;
			children = (
				9E4E77411A7CB50A00AE9130 /* navViewController.h */,
				9E4E77421A7CB50A00AE9130 /* navViewController.m */,
				9E4E773E1A7C79E000AE9130 /* landingViewController.h */,
				9E4E773F1A7C79E000AE9130 /* landingViewController.m */,
				9EFBD3121A7BD85D00CF8D68 /* ViewController.h */,
				9EFBD3131A7BD85D00CF8D68 /* ViewController.m */,
				9E4E77271A7C55EB00AE9130 /* storeDetailViewController.h */,
				9E4E77281A7C55EB00AE9130 /* storeDetailViewController.m */,
				9E4E77441A7CC2A200AE9130 /* datePickerViewController.h */,
				9E4E77451A7CC2A200AE9130 /* datePickerViewController.m */,
			);
			name = controller;
			sourceTree = "<group>";
		};
		9EFBD3391A7BEF3800CF8D68 /* view */ = {
			isa = PBXGroup;
			children = (
				9E4E772B1A7C669300AE9130 /* LoKit */,
				9EFBD3401A7C100600CF8D68 /* MyAnnotation.h */,
				9EFBD3411A7C100600CF8D68 /* MyAnnotation.m */,
			);
			name = view;
			sourceTree = "<group>";
		};
/* End PBXGroup section */

/* Begin PBXNativeTarget section */
		9EFBD3071A7BD85D00CF8D68 /* iOrder */ = {
			isa = PBXNativeTarget;
			buildConfigurationList = 9EFBD32B1A7BD85D00CF8D68 /* Build configuration list for PBXNativeTarget "iOrder" */;
			buildPhases = (
				65F8A6A98FC216A830F9F828 /* Check Pods Manifest.lock */,
				9EFBD3041A7BD85D00CF8D68 /* Sources */,
				9EFBD3051A7BD85D00CF8D68 /* Frameworks */,
				9EFBD3061A7BD85D00CF8D68 /* Resources */,
				86376AF2D338C78BA9C98C26 /* Copy Pods Resources */,
				9EFBD33B1A7BF71200CF8D68 /* ShellScript */,
			);
			buildRules = (
			);
			dependencies = (
			);
			name = iOrder;
			productName = iOrder;
			productReference = 9EFBD3081A7BD85D00CF8D68 /* iOrder.app */;
			productType = "com.apple.product-type.application";
		};
		9EFBD3201A7BD85D00CF8D68 /* iOrderTests */ = {
			isa = PBXNativeTarget;
			buildConfigurationList = 9EFBD32E1A7BD85D00CF8D68 /* Build configuration list for PBXNativeTarget "iOrderTests" */;
			buildPhases = (
				9EFBD31D1A7BD85D00CF8D68 /* Sources */,
				9EFBD31E1A7BD85D00CF8D68 /* Frameworks */,
				9EFBD31F1A7BD85D00CF8D68 /* Resources */,
			);
			buildRules = (
			);
			dependencies = (
				9EFBD3231A7BD85D00CF8D68 /* PBXTargetDependency */,
			);
			name = iOrderTests;
			productName = iOrderTests;
			productReference = 9EFBD3211A7BD85D00CF8D68 /* iOrderTests.xctest */;
			productType = "com.apple.product-type.bundle.unit-test";
		};
/* End PBXNativeTarget section */

/* Begin PBXProject section */
		9EFBD3001A7BD85D00CF8D68 /* Project object */ = {
			isa = PBXProject;
			attributes = {
				LastUpgradeCheck = 0610;
				ORGANIZATIONNAME = LO;
				TargetAttributes = {
					9EFBD3071A7BD85D00CF8D68 = {
						CreatedOnToolsVersion = 6.1.1;
						DevelopmentTeam = 7T6Y9LETK9;
					};
					9EFBD3201A7BD85D00CF8D68 = {
						CreatedOnToolsVersion = 6.1.1;
						TestTargetID = 9EFBD3071A7BD85D00CF8D68;
					};
				};
			};
			buildConfigurationList = 9EFBD3031A7BD85D00CF8D68 /* Build configuration list for PBXProject "iOrder" */;
			compatibilityVersion = "Xcode 3.2";
			developmentRegion = English;
			hasScannedForEncodings = 0;
			knownRegions = (
				en,
				Base,
			);
			mainGroup = 9EFBD2FF1A7BD85D00CF8D68;
			productRefGroup = 9EFBD3091A7BD85D00CF8D68 /* Products */;
			projectDirPath = "";
			projectRoot = "";
			targets = (
				9EFBD3071A7BD85D00CF8D68 /* iOrder */,
				9EFBD3201A7BD85D00CF8D68 /* iOrderTests */,
			);
		};
/* End PBXProject section */

/* Begin PBXResourcesBuildPhase section */
		9EFBD3061A7BD85D00CF8D68 /* Resources */ = {
			isa = PBXResourcesBuildPhase;
			buildActionMask = 2147483647;
			files = (
				9EFBD3171A7BD85D00CF8D68 /* Main.storyboard in Resources */,
				9EFBD31C1A7BD85D00CF8D68 /* LaunchScreen.xib in Resources */,
				9EFBD3191A7BD85D00CF8D68 /* Images.xcassets in Resources */,
			);
			runOnlyForDeploymentPostprocessing = 0;
		};
		9EFBD31F1A7BD85D00CF8D68 /* Resources */ = {
			isa = PBXResourcesBuildPhase;
			buildActionMask = 2147483647;
			files = (
			);
			runOnlyForDeploymentPostprocessing = 0;
		};
/* End PBXResourcesBuildPhase section */

/* Begin PBXShellScriptBuildPhase section */
		65F8A6A98FC216A830F9F828 /* Check Pods Manifest.lock */ = {
			isa = PBXShellScriptBuildPhase;
			buildActionMask = 2147483647;
			files = (
			);
			inputPaths = (
			);
			name = "Check Pods Manifest.lock";
			outputPaths = (
			);
			runOnlyForDeploymentPostprocessing = 0;
			shellPath = /bin/sh;
			shellScript = "diff \"${PODS_ROOT}/../Podfile.lock\" \"${PODS_ROOT}/Manifest.lock\" > /dev/null\nif [[ $? != 0 ]] ; then\n    cat << EOM\nerror: The sandbox is not in sync with the Podfile.lock. Run 'pod install' or update your CocoaPods installation.\nEOM\n    exit 1\nfi\n";
			showEnvVarsInLog = 0;
		};
		86376AF2D338C78BA9C98C26 /* Copy Pods Resources */ = {
			isa = PBXShellScriptBuildPhase;
			buildActionMask = 2147483647;
			files = (
			);
			inputPaths = (
			);
			name = "Copy Pods Resources";
			outputPaths = (
			);
			runOnlyForDeploymentPostprocessing = 0;
			shellPath = /bin/sh;
			shellScript = "\"${SRCROOT}/Pods/Target Support Files/Pods/Pods-resources.sh\"\n";
			showEnvVarsInLog = 0;
		};
		9EFBD33B1A7BF71200CF8D68 /* ShellScript */ = {
			isa = PBXShellScriptBuildPhase;
			buildActionMask = 8;
			files = (
			);
			inputPaths = (
			);
			outputPaths = (
			);
			runOnlyForDeploymentPostprocessing = 1;
			shellPath = /bin/sh;
			shellScript = "export PATH=/usr/local/bin:$PATH\ncd \"crash reporting\"\nparse symbols \"${DWARF_DSYM_FOLDER_PATH}/${DWARF_DSYM_FILE_NAME}\"\n";
		};
/* End PBXShellScriptBuildPhase section */

/* Begin PBXSourcesBuildPhase section */
		9EFBD3041A7BD85D00CF8D68 /* Sources */ = {
			isa = PBXSourcesBuildPhase;
			buildActionMask = 2147483647;
			files = (
				9E4E77461A7CC2A200AE9130 /* datePickerViewController.m in Sources */,
				9E4E77381A7C66A900AE9130 /* LOUIKit.m in Sources */,
				9EFBD3331A7BEEEB00CF8D68 /* networkHelper.m in Sources */,
				9E4E77431A7CB50A00AE9130 /* navViewController.m in Sources */,
				9EFBD3141A7BD85D00CF8D68 /* ViewController.m in Sources */,
				9EFBD3421A7C100600CF8D68 /* MyAnnotation.m in Sources */,
				9EFBD3111A7BD85D00CF8D68 /* AppDelegate.m in Sources */,
				9E4E773C1A7C66A900AE9130 /* LOImageView.m in Sources */,
				9E4E773D1A7C66A900AE9130 /* LOLabel.m in Sources */,
				9E4E77291A7C55EB00AE9130 /* storeDetailViewController.m in Sources */,
				9E4E77401A7C79E000AE9130 /* landingViewController.m in Sources */,
				9EFBD30E1A7BD85D00CF8D68 /* main.m in Sources */,
				9E4E773B1A7C66A900AE9130 /* LOTextfield.m in Sources */,
				9E4E773A1A7C66A900AE9130 /* LOButton.m in Sources */,
				9EFBD3361A7BEEFA00CF8D68 /* Reachability.m in Sources */,
				9E4E77391A7C66A900AE9130 /* LOView.m in Sources */,
			);
			runOnlyForDeploymentPostprocessing = 0;
		};
		9EFBD31D1A7BD85D00CF8D68 /* Sources */ = {
			isa = PBXSourcesBuildPhase;
			buildActionMask = 2147483647;
			files = (
				9EFBD3281A7BD85D00CF8D68 /* iOrderTests.m in Sources */,
			);
			runOnlyForDeploymentPostprocessing = 0;
		};
/* End PBXSourcesBuildPhase section */

/* Begin PBXTargetDependency section */
		9EFBD3231A7BD85D00CF8D68 /* PBXTargetDependency */ = {
			isa = PBXTargetDependency;
			target = 9EFBD3071A7BD85D00CF8D68 /* iOrder */;
			targetProxy = 9EFBD3221A7BD85D00CF8D68 /* PBXContainerItemProxy */;
		};
/* End PBXTargetDependency section */

/* Begin PBXVariantGroup section */
		9EFBD3151A7BD85D00CF8D68 /* Main.storyboard */ = {
			isa = PBXVariantGroup;
			children = (
				9EFBD3161A7BD85D00CF8D68 /* Base */,
			);
			name = Main.storyboard;
			sourceTree = "<group>";
		};
		9EFBD31A1A7BD85D00CF8D68 /* LaunchScreen.xib */ = {
			isa = PBXVariantGroup;
			children = (
				9EFBD31B1A7BD85D00CF8D68 /* Base */,
			);
			name = LaunchScreen.xib;
			sourceTree = "<group>";
		};
/* End PBXVariantGroup section */

/* Begin XCBuildConfiguration section */
		9EFBD3291A7BD85D00CF8D68 /* Debug */ = {
			isa = XCBuildConfiguration;
			buildSettings = {
				ALWAYS_SEARCH_USER_PATHS = NO;
				CLANG_CXX_LANGUAGE_STANDARD = "gnu++0x";
				CLANG_CXX_LIBRARY = "libc++";
				CLANG_ENABLE_MODULES = YES;
				CLANG_ENABLE_OBJC_ARC = YES;
				CLANG_WARN_BOOL_CONVERSION = YES;
				CLANG_WARN_CONSTANT_CONVERSION = YES;
				CLANG_WARN_DIRECT_OBJC_ISA_USAGE = YES_ERROR;
				CLANG_WARN_EMPTY_BODY = YES;
				CLANG_WARN_ENUM_CONVERSION = YES;
				CLANG_WARN_INT_CONVERSION = YES;
				CLANG_WARN_OBJC_ROOT_CLASS = YES_ERROR;
				CLANG_WARN_UNREACHABLE_CODE = YES;
				CLANG_WARN__DUPLICATE_METHOD_MATCH = YES;
				"CODE_SIGN_IDENTITY[sdk=iphoneos*]" = "iPhone Developer";
				COPY_PHASE_STRIP = NO;
				ENABLE_STRICT_OBJC_MSGSEND = YES;
				GCC_C_LANGUAGE_STANDARD = gnu99;
				GCC_DYNAMIC_NO_PIC = NO;
				GCC_OPTIMIZATION_LEVEL = 0;
				GCC_PREPROCESSOR_DEFINITIONS = (
					"DEBUG=1",
					"$(inherited)",
				);
				GCC_SYMBOLS_PRIVATE_EXTERN = NO;
				GCC_WARN_64_TO_32_BIT_CONVERSION = YES;
				GCC_WARN_ABOUT_RETURN_TYPE = YES_ERROR;
				GCC_WARN_UNDECLARED_SELECTOR = YES;
				GCC_WARN_UNINITIALIZED_AUTOS = YES_AGGRESSIVE;
				GCC_WARN_UNUSED_FUNCTION = YES;
				GCC_WARN_UNUSED_VARIABLE = YES;
				IPHONEOS_DEPLOYMENT_TARGET = 8.1;
				MTL_ENABLE_DEBUG_INFO = YES;
				ONLY_ACTIVE_ARCH = YES;
				SDKROOT = iphoneos;
			};
			name = Debug;
		};
		9EFBD32A1A7BD85D00CF8D68 /* Release */ = {
			isa = XCBuildConfiguration;
			buildSettings = {
				ALWAYS_SEARCH_USER_PATHS = NO;
				CLANG_CXX_LANGUAGE_STANDARD = "gnu++0x";
				CLANG_CXX_LIBRARY = "libc++";
				CLANG_ENABLE_MODULES = YES;
				CLANG_ENABLE_OBJC_ARC = YES;
				CLANG_WARN_BOOL_CONVERSION = YES;
				CLANG_WARN_CONSTANT_CONVERSION = YES;
				CLANG_WARN_DIRECT_OBJC_ISA_USAGE = YES_ERROR;
				CLANG_WARN_EMPTY_BODY = YES;
				CLANG_WARN_ENUM_CONVERSION = YES;
				CLANG_WARN_INT_CONVERSION = YES;
				CLANG_WARN_OBJC_ROOT_CLASS = YES_ERROR;
				CLANG_WARN_UNREACHABLE_CODE = YES;
				CLANG_WARN__DUPLICATE_METHOD_MATCH = YES;
				"CODE_SIGN_IDENTITY[sdk=iphoneos*]" = "iPhone Developer";
				COPY_PHASE_STRIP = YES;
				ENABLE_NS_ASSERTIONS = NO;
				ENABLE_STRICT_OBJC_MSGSEND = YES;
				GCC_C_LANGUAGE_STANDARD = gnu99;
				GCC_WARN_64_TO_32_BIT_CONVERSION = YES;
				GCC_WARN_ABOUT_RETURN_TYPE = YES_ERROR;
				GCC_WARN_UNDECLARED_SELECTOR = YES;
				GCC_WARN_UNINITIALIZED_AUTOS = YES_AGGRESSIVE;
				GCC_WARN_UNUSED_FUNCTION = YES;
				GCC_WARN_UNUSED_VARIABLE = YES;
				IPHONEOS_DEPLOYMENT_TARGET = 8.1;
				MTL_ENABLE_DEBUG_INFO = NO;
				SDKROOT = iphoneos;
				VALIDATE_PRODUCT = YES;
			};
			name = Release;
		};
		9EFBD32C1A7BD85D00CF8D68 /* Debug */ = {
			isa = XCBuildConfiguration;
			baseConfigurationReference = 49AD41BCFDA29B6883A95020 /* Pods.debug.xcconfig */;
			buildSettings = {
				ASSETCATALOG_COMPILER_APPICON_NAME = AppIcon;
				ASSETCATALOG_COMPILER_LAUNCHIMAGE_NAME = LaunchImage;
				CODE_SIGN_IDENTITY = "iPhone Developer";
				GCC_PREFIX_HEADER = PrefixHeader.pch;
				INFOPLIST_FILE = iOrder/Info.plist;
				IPHONEOS_DEPLOYMENT_TARGET = 8.0;
				LD_RUNPATH_SEARCH_PATHS = "$(inherited) @executable_path/Frameworks";
				PRODUCT_NAME = "$(TARGET_NAME)";
				PROVISIONING_PROFILE = "8e6f19d2-df91-41a7-8c0f-9ecc814b22e4";
			};
			name = Debug;
		};
		9EFBD32D1A7BD85D00CF8D68 /* Release */ = {
			isa = XCBuildConfiguration;
			baseConfigurationReference = C78D9243DF89205C7198737E /* Pods.release.xcconfig */;
			buildSettings = {
				ASSETCATALOG_COMPILER_APPICON_NAME = AppIcon;
				ASSETCATALOG_COMPILER_LAUNCHIMAGE_NAME = LaunchImage;
				CODE_SIGN_IDENTITY = "iPhone Developer";
				GCC_PREFIX_HEADER = PrefixHeader.pch;
				INFOPLIST_FILE = iOrder/Info.plist;
				IPHONEOS_DEPLOYMENT_TARGET = 8.0;
				LD_RUNPATH_SEARCH_PATHS = "$(inherited) @executable_path/Frameworks";
				PRODUCT_NAME = "$(TARGET_NAME)";
				PROVISIONING_PROFILE = "8e6f19d2-df91-41a7-8c0f-9ecc814b22e4";
			};
			name = Release;
		};
		9EFBD32F1A7BD85D00CF8D68 /* Debug */ = {
			isa = XCBuildConfiguration;
			buildSettings = {
				BUNDLE_LOADER = "$(TEST_HOST)";
				FRAMEWORK_SEARCH_PATHS = (
					"$(SDKROOT)/Developer/Library/Frameworks",
					"$(inherited)",
				);
				GCC_PREPROCESSOR_DEFINITIONS = (
					"DEBUG=1",
					"$(inherited)",
				);
				INFOPLIST_FILE = iOrderTests/Info.plist;
				LD_RUNPATH_SEARCH_PATHS = "$(inherited) @executable_path/Frameworks @loader_path/Frameworks";
				PRODUCT_NAME = "$(TARGET_NAME)";
				TEST_HOST = "$(BUILT_PRODUCTS_DIR)/iOrder.app/iOrder";
			};
			name = Debug;
		};
		9EFBD3301A7BD85D00CF8D68 /* Release */ = {
			isa = XCBuildConfiguration;
			buildSettings = {
				BUNDLE_LOADER = "$(TEST_HOST)";
				FRAMEWORK_SEARCH_PATHS = (
					"$(SDKROOT)/Developer/Library/Frameworks",
					"$(inherited)",
				);
				INFOPLIST_FILE = iOrderTests/Info.plist;
				LD_RUNPATH_SEARCH_PATHS = "$(inherited) @executable_path/Frameworks @loader_path/Frameworks";
				PRODUCT_NAME = "$(TARGET_NAME)";
				TEST_HOST = "$(BUILT_PRODUCTS_DIR)/iOrder.app/iOrder";
			};
			name = Release;
		};
/* End XCBuildConfiguration section */

/* Begin XCConfigurationList section */
		9EFBD3031A7BD85D00CF8D68 /* Build configuration list for PBXProject "iOrder" */ = {
			isa = XCConfigurationList;
			buildConfigurations = (
				9EFBD3291A7BD85D00CF8D68 /* Debug */,
				9EFBD32A1A7BD85D00CF8D68 /* Release */,
			);
			defaultConfigurationIsVisible = 0;
			defaultConfigurationName = Release;
		};
		9EFBD32B1A7BD85D00CF8D68 /* Build configuration list for PBXNativeTarget "iOrder" */ = {
			isa = XCConfigurationList;
			buildConfigurations = (
				9EFBD32C1A7BD85D00CF8D68 /* Debug */,
				9EFBD32D1A7BD85D00CF8D68 /* Release */,
			);
			defaultConfigurationIsVisible = 0;
			defaultConfigurationName = Release;
		};
		9EFBD32E1A7BD85D00CF8D68 /* Build configuration list for PBXNativeTarget "iOrderTests" */ = {
			isa = XCConfigurationList;
			buildConfigurations = (
				9EFBD32F1A7BD85D00CF8D68 /* Debug */,
				9EFBD3301A7BD85D00CF8D68 /* Release */,
			);
			defaultConfigurationIsVisible = 0;
			defaultConfigurationName = Release;
		};
/* End XCConfigurationList section */
	};
	rootObject = 9EFBD3001A7BD85D00CF8D68 /* Project object */;
}
